
Microsoft Visual Studio Solution File, Format Version 12.00
# Visual Studio Version 16
VisualStudioVersion = 16.0.31515.178
MinimumVisualStudioVersion = 10.0.40219.1
Project("{FAE04EC0-301F-11D3-BF4B-00C04F79EFBC}") = "ASPDotNetCoreWebApp1", "ASPDotNetCoreWebApp1.csproj", "{7D669719-6200-46F4-B2F8-DC37F35E5C5D}"
EndProject
Global
	GlobalSection(SolutionConfigurationPlatforms) = preSolution
		Debug|Any CPU = Debug|Any CPU
		Release|Any CPU = Release|Any CPU
	EndGlobalSection
	GlobalSection(ProjectConfigurationPlatforms) = postSolution
		{7D669719-6200-46F4-B2F8-DC37F35E5C5D}.Debug|Any CPU.ActiveCfg = Debug|Any CPU
		{7D669719-6200-46F4-B2F8-DC37F35E5C5D}.Debug|Any CPU.Build.0 = Debug|Any CPU
		{7D669719-6200-46F4-B2F8-DC37F35E5C5D}.Release|Any CPU.ActiveCfg = Release|Any CPU
		{7D669719-6200-46F4-B2F8-DC37F35E5C5D}.Release|Any CPU.Build.0 = Release|Any CPU
	EndGlobalSection
	GlobalSection(SolutionProperties) = preSolution
		HideSolutionNode = FALSE
	EndGlobalSection
	GlobalSection(ExtensibilityGlobals) = postSolution
		SolutionGuid = {9DC2F428-1222-40BB-BF05-9E01686BD0CB}
	EndGlobalSection
EndGlobal
